<?xml version="1.0" encoding="utf-8"?>
<Project ToolsVersion="4.0" xmlns="http://schemas.microsoft.com/developer/msbuild/2003">
  <ItemGroup>
    <Filter Include="Source Files">
      <UniqueIdentifier>{4FC737F1-C7A5-4376-A066-2A32D752A2FF}</UniqueIdentifier>
      <Extensions>cpp;c;cc;cxx;c++;cppm;ixx;def;odl;idl;hpj;bat;asm;asmx</Extensions>
    </Filter>
    <Filter Include="Header Files">
      <UniqueIdentifier>{93995380-89BD-4b04-88EB-625FBE52EBFB}</UniqueIdentifier>
      <Extensions>h;hh;hpp;hxx;h++;hm;inl;inc;ipp;xsd</Extensions>
    </Filter>
    <Filter Include="Resource Files">
      <UniqueIdentifier>{67DA6AB6-F800-4c08-8B7A-83BB121AAD01}</UniqueIdentifier>
      <Extensions>rc;ico;cur;bmp;dlg;rc2;rct;bin;rgs;gif;jpg;jpeg;jpe;resx;tiff;tif;png;wav;mfcribbon-ms</Extensions>
    </Filter>
  </ItemGroup>
  <ItemGroup>
    <ClCompile Include="main.cpp">
      <Filter>Source Files</Filter>
    </ClCompile>
    <ClCompile Include="src\dao\Database.cpp">
      <Filter>Source Files</Filter>
    </ClCompile>
    <ClCompile Include="src\models\User.cpp">
      <Filter>Source Files</Filter>
    </ClCompile>
    <ClCompile Include="src\service\AuthService.cpp">
      <Filter>Source Files</Filter>
    </ClCompile>
    <ClCompile Include="src\controller\AuthController.cpp">
      <Filter>Source Files</Filter>
    </ClCompile>
    <ClCompile Include="src\auth\Session.cpp">
      <Filter>Source Files</Filter>
    </ClCompile>
    <ClCompile Include="src\models\Product.cpp">
      <Filter>Source Files</Filter>
    </ClCompile>
    <ClCompile Include="src\dao\ProductDAO.cpp">
      <Filter>Source Files</Filter>
    </ClCompile>
    <ClCompile Include="src\service\ProductService.cpp">
      <Filter>Source Files</Filter>
    </ClCompile>
    <ClCompile Include="src\controller\ProductController.cpp">
      <Filter>Source Files</Filter>
    </ClCompile>
    <ClCompile Include="src\models\Customer.cpp">
      <Filter>Source Files</Filter>
    </ClCompile>
    <ClCompile Include="src\dao\CustomerDAO.cpp">
      <Filter>Source Files</Filter>
    </ClCompile>
    <ClCompile Include="src\service\CustomerService.cpp">
      <Filter>Source Files</Filter>
    </ClCompile>
    <ClCompile Include="src\controller\CustomerController.cpp">
      <Filter>Source Files</Filter>
    </ClCompile>
    <ClCompile Include="src\models\Sale.cpp">
      <Filter>Source Files</Filter>
    </ClCompile>
    <ClCompile Include="src\dao\SalesDAO.cpp">
      <Filter>Source Files</Filter>
    </ClCompile>
    <ClCompile Include="src\controller\SalesController.cpp">
      <Filter>Source Files</Filter>
    </ClCompile>
    <ClCompile Include="src\models\Production.cpp">
      <Filter>Source Files</Filter>
    </ClCompile>
    <ClCompile Include="src\dao\ProductionDAO.cpp">
      <Filter>Source Files</Filter>
    </ClCompile>
    <ClCompile Include="src\service\ProductionService.cpp">
      <Filter>Source Files</Filter>
    </ClCompile>
    <ClCompile Include="src\controller\ProductionController.cpp">
      <Filter>Source Files</Filter>
    </ClCompile>
    <ClCompile Include="src\models\SubLayer.cpp">
      <Filter>Source Files</Filter>
    </ClCompile>
    <ClCompile Include="src\service\SubLayerServicecpp.cpp">
      <Filter>Source Files</Filter>
    </ClCompile>
    <ClCompile Include="src\models\PlateCheese.cpp">
      <Filter>Source Files</Filter>
    </ClCompile>
    <ClCompile Include="src\dao\PlateCheeseDAO.cpp">
      <Filter>Source Files</Filter>
    </ClCompile>
    <ClCompile Include="src\service\PlateCheeseService.cpp">
      <Filter>Source Files</Filter>
    </ClCompile>
    <ClCompile Include="src\controller\PlateCheeseController.cpp">
      <Filter>Source Files</Filter>
    </ClCompile>
    <ClCompile Include="src\models\Purchase.cpp">
      <Filter>Source Files</Filter>
    </ClCompile>
    <ClCompile Include="src\dao\PurchaseDAO.cpp">
      <Filter>Source Files</Filter>
    </ClCompile>
    <ClCompile Include="src\service\PurchaseService.cpp">
      <Filter>Source Files</Filter>
    </ClCompile>
    <ClCompile Include="src\controller\PurchaseController.cpp">
      <Filter>Source Files</Filter>
    </ClCompile>
    <ClCompile Include="src\dao\UserDAO.cpp">
      <Filter>Source Files</Filter>
    </ClCompile>
    <ClCompile Include="ui\login.cpp">
      <Filter>Source Files</Filter>
    </ClCompile>
    <ClCompile Include="ui\dashboard.cpp">
      <Filter>Source Files</Filter>
    </ClCompile>
    <ClCompile Include="ui\AddProductForm.cpp">
      <Filter>Source Files</Filter>
    </ClCompile>
  </ItemGroup>
  <ItemGroup>
    <ClInclude Include="include\dao\Database.h">
      <Filter>Header Files</Filter>
    </ClInclude>
    <ClInclude Include="include\dao\BaseDAO.h">
      <Filter>Header Files</Filter>
    </ClInclude>
    <ClInclude Include="include\models\User.h">
      <Filter>Header Files</Filter>
    </ClInclude>
    <ClInclude Include="include\service\AuthService.h">
      <Filter>Header Files</Filter>
    </ClInclude>
    <ClInclude Include="include\controller\AuthController.h">
      <Filter>Header Files</Filter>
    </ClInclude>
    <ClInclude Include="include\auth\Session.h">
      <Filter>Header Files</Filter>
    </ClInclude>
    <ClInclude Include="include\models\Product.h">
      <Filter>Header Files</Filter>
    </ClInclude>
    <ClInclude Include="include\dao\ProductDAO.h">
      <Filter>Header Files</Filter>
    </ClInclude>
    <ClInclude Include="include\service\ProductService.h">
      <Filter>Header Files</Filter>
    </ClInclude>
    <ClInclude Include="include\controller\ProductController.h">
      <Filter>Header Files</Filter>
    </ClInclude>
    <ClInclude Include="include\models\Customer.h">
      <Filter>Header Files</Filter>
    </ClInclude>
    <ClInclude Include="include\dao\CustomerDAO.h">
      <Filter>Header Files</Filter>
    </ClInclude>
    <ClInclude Include="include\service\CustomerService.h">
      <Filter>Header Files</Filter>
    </ClInclude>
    <ClInclude Include="include\controller\CustomerController.h">
      <Filter>Header Files</Filter>
    </ClInclude>
    <ClInclude Include="include\models\Sale.h">
      <Filter>Header Files</Filter>
    </ClInclude>
    <ClInclude Include="include\dao\SalesDAO.h">
      <Filter>Header Files</Filter>
    </ClInclude>
    <ClInclude Include="include\controller\SalesController.h">
      <Filter>Header Files</Filter>
    </ClInclude>
    <ClInclude Include="include\models\Production.h">
      <Filter>Header Files</Filter>
    </ClInclude>
    <ClInclude Include="include\dao\ProductionDAO.h">
      <Filter>Header Files</Filter>
    </ClInclude>
    <ClInclude Include="include\service\ProductionService.h">
      <Filter>Header Files</Filter>
    </ClInclude>
    <ClInclude Include="include\controller\ProductionController.h">
      <Filter>Header Files</Filter>
    </ClInclude>
    <ClInclude Include="include\service\SubLayerService.h">
      <Filter>Header Files</Filter>
    </ClInclude>
    <ClInclude Include="include\models\PlateCheese.h">
      <Filter>Header Files</Filter>
    </ClInclude>
    <ClInclude Include="include\dao\PlateCheeseDAO.h">
      <Filter>Header Files</Filter>
    </ClInclude>
    <ClInclude Include="include\service\PlateCheeseService.h">
      <Filter>Header Files</Filter>
    </ClInclude>
    <ClInclude Include="include\controller\PlateCheeseController.h">
      <Filter>Header Files</Filter>
    </ClInclude>
    <ClInclude Include="include\models\Purchase.h">
      <Filter>Header Files</Filter>
    </ClInclude>
    <ClInclude Include="include\dao\PurchaseDAO.h">
      <Filter>Header Files</Filter>
    </ClInclude>
    <ClInclude Include="include\service\PurchaseService.h">
      <Filter>Header Files</Filter>
    </ClInclude>
    <ClInclude Include="include\controller\PurchaseController.h">
      <Filter>Header Files</Filter>
    </ClInclude>
    <ClInclude Include="include\dao\UserDAO.h">
      <Filter>Header Files</Filter>
    </ClInclude>
    <ClInclude Include="gui\login.h">
      <Filter>Header Files</Filter>
    </ClInclude>
    <ClInclude Include="include\ui\admin.h">
      <Filter>Header Files</Filter>
    </ClInclude>
    <ClInclude Include="ui\login.h">
      <Filter>Header Files</Filter>
    </ClInclude>
    <ClInclude Include="ui\dashboard.h">
      <Filter>Header Files</Filter>
    </ClInclude>
    <ClInclude Include="ui\AddProductForm.h">
      <Filter>Header Files</Filter>
    </ClInclude>
  </ItemGroup>
</Project>